
Microsoft Visual Studio Solution File, Format Version 12.00
# Blend for Visual Studio 15
VisualStudioVersion = 15.0.27703.2042
MinimumVisualStudioVersion = 10.0.40219.1
Project("{FAE04EC0-301F-11D3-BF4B-00C04F79EFBC}") = "Asteroid.COM", "Asteroid.COM\Asteroid.COM.csproj", "{9DCA6D89-ECD1-432A-941F-67E12086745D}"
EndProject
Project("{FAE04EC0-301F-11D3-BF4B-00C04F79EFBC}") = "Asteroid.Web", "Asteroid.Web\Asteroid.Web.csproj", "{BCC6D6C6-0F2F-454D-9ACC-E5D2E74E0F2F}"
EndProject
Project("{FAE04EC0-301F-11D3-BF4B-00C04F79EFBC}") = "Asteroid.API", "Asteroid.API\Asteroid.API.csproj", "{53CE339C-432C-442A-923C-7B7E3094D9A5}"
EndProject
Project("{FAE04EC0-301F-11D3-BF4B-00C04F79EFBC}") = "Asteriod.Desk", "Asteriod.Desk\Asteriod.Desk.csproj", "{850565C7-6F49-41CE-B85A-30A63AF05167}"
EndProject
Project("{FAE04EC0-301F-11D3-BF4B-00C04F79EFBC}") = "Asteriod.Mobile.Android", "Asteriod.Mobile\Asteriod.Mobile.Android\Asteriod.Mobile.Android.csproj", "{9ADCFB77-788E-495A-8488-D171EEE259F0}"
EndProject
Project("{FAE04EC0-301F-11D3-BF4B-00C04F79EFBC}") = "Asteriod.Mobile.iOS", "Asteriod.Mobile\Asteriod.Mobile.iOS\Asteriod.Mobile.iOS.csproj", "{7508716A-BC8E-4ECB-AF93-B5A5BABD195D}"
EndProject
Project("{FAE04EC0-301F-11D3-BF4B-00C04F79EFBC}") = "Asteriod.Mobile.UWP", "Asteriod.Mobile\Asteriod.Mobile.UWP\Asteriod.Mobile.UWP.csproj", "{554077B5-024A-44CB-A2C7-902648065AE7}"
EndProject
Project("{D954291E-2A0B-460D-934E-DC6B0785DB48}") = "Asteriod.Mobile", "Asteriod.Mobile\Asteriod.Mobile\Asteriod.Mobile.shproj", "{EF586778-4650-4882-90A8-050133006515}"
EndProject
Global
	GlobalSection(SharedMSBuildProjectFiles) = preSolution
		Asteriod.Mobile\Asteriod.Mobile\Asteriod.Mobile.projitems*{554077b5-024a-44cb-a2c7-902648065ae7}*SharedItemsImports = 4
		Asteriod.Mobile\Asteriod.Mobile\Asteriod.Mobile.projitems*{7508716a-bc8e-4ecb-af93-b5a5babd195d}*SharedItemsImports = 4
		Asteriod.Mobile\Asteriod.Mobile\Asteriod.Mobile.projitems*{9adcfb77-788e-495a-8488-d171eee259f0}*SharedItemsImports = 4
		Asteriod.Mobile\Asteriod.Mobile\Asteriod.Mobile.projitems*{ef586778-4650-4882-90a8-050133006515}*SharedItemsImports = 13
	EndGlobalSection
	GlobalSection(SolutionConfigurationPlatforms) = preSolution
		Ad-Hoc|Any CPU = Ad-Hoc|Any CPU
		Ad-Hoc|ARM = Ad-Hoc|ARM
		Ad-Hoc|iPhone = Ad-Hoc|iPhone
		Ad-Hoc|iPhoneSimulator = Ad-Hoc|iPhoneSimulator
		Ad-Hoc|x64 = Ad-Hoc|x64
		Ad-Hoc|x86 = Ad-Hoc|x86
		AppStore|Any CPU = AppStore|Any CPU
		AppStore|ARM = AppStore|ARM
		AppStore|iPhone = AppStore|iPhone
		AppStore|iPhoneSimulator = AppStore|iPhoneSimulator
		AppStore|x64 = AppStore|x64
		AppStore|x86 = AppStore|x86
		Debug|Any CPU = Debug|Any CPU
		Debug|ARM = Debug|ARM
		Debug|iPhone = Debug|iPhone
		Debug|iPhoneSimulator = Debug|iPhoneSimulator
		Debug|x64 = Debug|x64
		Debug|x86 = Debug|x86
		Release|Any CPU = Release|Any CPU
		Release|ARM = Release|ARM
		Release|iPhone = Release|iPhone
		Release|iPhoneSimulator = Release|iPhoneSimulator
		Release|x64 = Release|x64
		Release|x86 = Release|x86
	EndGlobalSection
	GlobalSection(ProjectConfigurationPlatforms) = postSolution
		{9DCA6D89-ECD1-432A-941F-67E12086745D}.Ad-Hoc|Any CPU.ActiveCfg = Debug|Any CPU
		{9DCA6D89-ECD1-432A-941F-67E12086745D}.Ad-Hoc|Any CPU.Build.0 = Debug|Any CPU
		{9DCA6D89-ECD1-432A-941F-67E12086745D}.Ad-Hoc|ARM.ActiveCfg = Debug|Any CPU
		{9DCA6D89-ECD1-432A-941F-67E12086745D}.Ad-Hoc|ARM.Build.0 = Debug|Any CPU
		{9DCA6D89-ECD1-432A-941F-67E12086745D}.Ad-Hoc|iPhone.ActiveCfg = Debug|Any CPU
		{9DCA6D89-ECD1-432A-941F-67E12086745D}.Ad-Hoc|iPhone.Build.0 = Debug|Any CPU
		{9DCA6D89-ECD1-432A-941F-67E12086745D}.Ad-Hoc|iPhoneSimulator.ActiveCfg = Debug|Any CPU
		{9DCA6D89-ECD1-432A-941F-67E12086745D}.Ad-Hoc|iPhoneSimulator.Build.0 = Debug|Any CPU
		{9DCA6D89-ECD1-432A-941F-67E12086745D}.Ad-Hoc|x64.ActiveCfg = Debug|Any CPU
		{9DCA6D89-ECD1-432A-941F-67E12086745D}.Ad-Hoc|x64.Build.0 = Debug|Any CPU
		{9DCA6D89-ECD1-432A-941F-67E12086745D}.Ad-Hoc|x86.ActiveCfg = Debug|Any CPU
		{9DCA6D89-ECD1-432A-941F-67E12086745D}.Ad-Hoc|x86.Build.0 = Debug|Any CPU
		{9DCA6D89-ECD1-432A-941F-67E12086745D}.AppStore|Any CPU.ActiveCfg = Debug|Any CPU
		{9DCA6D89-ECD1-432A-941F-67E12086745D}.AppStore|Any CPU.Build.0 = Debug|Any CPU
		{9DCA6D89-ECD1-432A-941F-67E12086745D}.AppStore|ARM.ActiveCfg = Debug|Any CPU
		{9DCA6D89-ECD1-432A-941F-67E12086745D}.AppStore|ARM.Build.0 = Debug|Any CPU
		{9DCA6D89-ECD1-432A-941F-67E12086745D}.AppStore|iPhone.ActiveCfg = Debug|Any CPU
		{9DCA6D89-ECD1-432A-941F-67E12086745D}.AppStore|iPhone.Build.0 = Debug|Any CPU
		{9DCA6D89-ECD1-432A-941F-67E12086745D}.AppStore|iPhoneSimulator.ActiveCfg = Debug|Any CPU
		{9DCA6D89-ECD1-432A-941F-67E12086745D}.AppStore|iPhoneSimulator.Build.0 = Debug|Any CPU
		{9DCA6D89-ECD1-432A-941F-67E12086745D}.AppStore|x64.ActiveCfg = Debug|Any CPU
		{9DCA6D89-ECD1-432A-941F-67E12086745D}.AppStore|x64.Build.0 = Debug|Any CPU
		{9DCA6D89-ECD1-432A-941F-67E12086745D}.AppStore|x86.ActiveCfg = Debug|Any CPU
		{9DCA6D89-ECD1-432A-941F-67E12086745D}.AppStore|x86.Build.0 = Debug|Any CPU
		{9DCA6D89-ECD1-432A-941F-67E12086745D}.Debug|Any CPU.ActiveCfg = Debug|Any CPU
		{9DCA6D89-ECD1-432A-941F-67E12086745D}.Debug|Any CPU.Build.0 = Debug|Any CPU
		{9DCA6D89-ECD1-432A-941F-67E12086745D}.Debug|ARM.ActiveCfg = Debug|Any CPU
		{9DCA6D89-ECD1-432A-941F-67E12086745D}.Debug|ARM.Build.0 = Debug|Any CPU
		{9DCA6D89-ECD1-432A-941F-67E12086745D}.Debug|iPhone.ActiveCfg = Debug|Any CPU
		{9DCA6D89-ECD1-432A-941F-67E12086745D}.Debug|iPhone.Build.0 = Debug|Any CPU
		{9DCA6D89-ECD1-432A-941F-67E12086745D}.Debug|iPhoneSimulator.ActiveCfg = Debug|Any CPU
		{9DCA6D89-ECD1-432A-941F-67E12086745D}.Debug|iPhoneSimulator.Build.0 = Debug|Any CPU
		{9DCA6D89-ECD1-432A-941F-67E12086745D}.Debug|x64.ActiveCfg = Debug|Any CPU
		{9DCA6D89-ECD1-432A-941F-67E12086745D}.Debug|x64.Build.0 = Debug|Any CPU
		{9DCA6D89-ECD1-432A-941F-67E12086745D}.Debug|x86.ActiveCfg = Debug|Any CPU
		{9DCA6D89-ECD1-432A-941F-67E12086745D}.Debug|x86.Build.0 = Debug|Any CPU
		{9DCA6D89-ECD1-432A-941F-67E12086745D}.Release|Any CPU.ActiveCfg = Release|Any CPU
		{9DCA6D89-ECD1-432A-941F-67E12086745D}.Release|Any CPU.Build.0 = Release|Any CPU
		{9DCA6D89-ECD1-432A-941F-67E12086745D}.Release|ARM.ActiveCfg = Release|Any CPU
		{9DCA6D89-ECD1-432A-941F-67E12086745D}.Release|ARM.Build.0 = Release|Any CPU
		{9DCA6D89-ECD1-432A-941F-67E12086745D}.Release|iPhone.ActiveCfg = Release|Any CPU
		{9DCA6D89-ECD1-432A-941F-67E12086745D}.Release|iPhone.Build.0 = Release|Any CPU
		{9DCA6D89-ECD1-432A-941F-67E12086745D}.Release|iPhoneSimulator.ActiveCfg = Release|Any CPU
		{9DCA6D89-ECD1-432A-941F-67E12086745D}.Release|iPhoneSimulator.Build.0 = Release|Any CPU
		{9DCA6D89-ECD1-432A-941F-67E12086745D}.Release|x64.ActiveCfg = Release|Any CPU
		{9DCA6D89-ECD1-432A-941F-67E12086745D}.Release|x64.Build.0 = Release|Any CPU
		{9DCA6D89-ECD1-432A-941F-67E12086745D}.Release|x86.ActiveCfg = Release|Any CPU
		{9DCA6D89-ECD1-432A-941F-67E12086745D}.Release|x86.Build.0 = Release|Any CPU
		{BCC6D6C6-0F2F-454D-9ACC-E5D2E74E0F2F}.Ad-Hoc|Any CPU.ActiveCfg = Debug|Any CPU
		{BCC6D6C6-0F2F-454D-9ACC-E5D2E74E0F2F}.Ad-Hoc|Any CPU.Build.0 = Debug|Any CPU
		{BCC6D6C6-0F2F-454D-9ACC-E5D2E74E0F2F}.Ad-Hoc|ARM.ActiveCfg = Debug|Any CPU
		{BCC6D6C6-0F2F-454D-9ACC-E5D2E74E0F2F}.Ad-Hoc|ARM.Build.0 = Debug|Any CPU
		{BCC6D6C6-0F2F-454D-9ACC-E5D2E74E0F2F}.Ad-Hoc|iPhone.ActiveCfg = Debug|Any CPU
		{BCC6D6C6-0F2F-454D-9ACC-E5D2E74E0F2F}.Ad-Hoc|iPhone.Build.0 = Debug|Any CPU
		{BCC6D6C6-0F2F-454D-9ACC-E5D2E74E0F2F}.Ad-Hoc|iPhoneSimulator.ActiveCfg = Debug|Any CPU
		{BCC6D6C6-0F2F-454D-9ACC-E5D2E74E0F2F}.Ad-Hoc|iPhoneSimulator.Build.0 = Debug|Any CPU
		{BCC6D6C6-0F2F-454D-9ACC-E5D2E74E0F2F}.Ad-Hoc|x64.ActiveCfg = Debug|Any CPU
		{BCC6D6C6-0F2F-454D-9ACC-E5D2E74E0F2F}.Ad-Hoc|x64.Build.0 = Debug|Any CPU
		{BCC6D6C6-0F2F-454D-9ACC-E5D2E74E0F2F}.Ad-Hoc|x86.ActiveCfg = Debug|Any CPU
		{BCC6D6C6-0F2F-454D-9ACC-E5D2E74E0F2F}.Ad-Hoc|x86.Build.0 = Debug|Any CPU
		{BCC6D6C6-0F2F-454D-9ACC-E5D2E74E0F2F}.AppStore|Any CPU.ActiveCfg = Debug|Any CPU
		{BCC6D6C6-0F2F-454D-9ACC-E5D2E74E0F2F}.AppStore|Any CPU.Build.0 = Debug|Any CPU
		{BCC6D6C6-0F2F-454D-9ACC-E5D2E74E0F2F}.AppStore|ARM.ActiveCfg = Debug|Any CPU
		{BCC6D6C6-0F2F-454D-9ACC-E5D2E74E0F2F}.AppStore|ARM.Build.0 = Debug|Any CPU
		{BCC6D6C6-0F2F-454D-9ACC-E5D2E74E0F2F}.AppStore|iPhone.ActiveCfg = Debug|Any CPU
		{BCC6D6C6-0F2F-454D-9ACC-E5D2E74E0F2F}.AppStore|iPhone.Build.0 = Debug|Any CPU
		{BCC6D6C6-0F2F-454D-9ACC-E5D2E74E0F2F}.AppStore|iPhoneSimulator.ActiveCfg = Debug|Any CPU
		{BCC6D6C6-0F2F-454D-9ACC-E5D2E74E0F2F}.AppStore|iPhoneSimulator.Build.0 = Debug|Any CPU
		{BCC6D6C6-0F2F-454D-9ACC-E5D2E74E0F2F}.AppStore|x64.ActiveCfg = Debug|Any CPU
		{BCC6D6C6-0F2F-454D-9ACC-E5D2E74E0F2F}.AppStore|x64.Build.0 = Debug|Any CPU
		{BCC6D6C6-0F2F-454D-9ACC-E5D2E74E0F2F}.AppStore|x86.ActiveCfg = Debug|Any CPU
		{BCC6D6C6-0F2F-454D-9ACC-E5D2E74E0F2F}.AppStore|x86.Build.0 = Debug|Any CPU
		{BCC6D6C6-0F2F-454D-9ACC-E5D2E74E0F2F}.Debug|Any CPU.ActiveCfg = Debug|Any CPU
		{BCC6D6C6-0F2F-454D-9ACC-E5D2E74E0F2F}.Debug|Any CPU.Build.0 = Debug|Any CPU
		{BCC6D6C6-0F2F-454D-9ACC-E5D2E74E0F2F}.Debug|ARM.ActiveCfg = Debug|Any CPU
		{BCC6D6C6-0F2F-454D-9ACC-E5D2E74E0F2F}.Debug|ARM.Build.0 = Debug|Any CPU
		{BCC6D6C6-0F2F-454D-9ACC-E5D2E74E0F2F}.Debug|iPhone.ActiveCfg = Debug|Any CPU
		{BCC6D6C6-0F2F-454D-9ACC-E5D2E74E0F2F}.Debug|iPhone.Build.0 = Debug|Any CPU
		{BCC6D6C6-0F2F-454D-9ACC-E5D2E74E0F2F}.Debug|iPhoneSimulator.ActiveCfg = Debug|Any CPU
		{BCC6D6C6-0F2F-454D-9ACC-E5D2E74E0F2F}.Debug|iPhoneSimulator.Build.0 = Debug|Any CPU
		{BCC6D6C6-0F2F-454D-9ACC-E5D2E74E0F2F}.Debug|x64.ActiveCfg = Debug|Any CPU
		{BCC6D6C6-0F2F-454D-9ACC-E5D2E74E0F2F}.Debug|x64.Build.0 = Debug|Any CPU
		{BCC6D6C6-0F2F-454D-9ACC-E5D2E74E0F2F}.Debug|x86.ActiveCfg = Debug|Any CPU
		{BCC6D6C6-0F2F-454D-9ACC-E5D2E74E0F2F}.Debug|x86.Build.0 = Debug|Any CPU
		{BCC6D6C6-0F2F-454D-9ACC-E5D2E74E0F2F}.Release|Any CPU.ActiveCfg = Release|Any CPU
		{BCC6D6C6-0F2F-454D-9ACC-E5D2E74E0F2F}.Release|Any CPU.Build.0 = Release|Any CPU
		{BCC6D6C6-0F2F-454D-9ACC-E5D2E74E0F2F}.Release|ARM.ActiveCfg = Release|Any CPU
		{BCC6D6C6-0F2F-454D-9ACC-E5D2E74E0F2F}.Release|ARM.Build.0 = Release|Any CPU
		{BCC6D6C6-0F2F-454D-9ACC-E5D2E74E0F2F}.Release|iPhone.ActiveCfg = Release|Any CPU
		{BCC6D6C6-0F2F-454D-9ACC-E5D2E74E0F2F}.Release|iPhone.Build.0 = Release|Any CPU
		{BCC6D6C6-0F2F-454D-9ACC-E5D2E74E0F2F}.Release|iPhoneSimulator.ActiveCfg = Release|Any CPU
		{BCC6D6C6-0F2F-454D-9ACC-E5D2E74E0F2F}.Release|iPhoneSimulator.Build.0 = Release|Any CPU
		{BCC6D6C6-0F2F-454D-9ACC-E5D2E74E0F2F}.Release|x64.ActiveCfg = Release|Any CPU
		{BCC6D6C6-0F2F-454D-9ACC-E5D2E74E0F2F}.Release|x64.Build.0 = Release|Any CPU
		{BCC6D6C6-0F2F-454D-9ACC-E5D2E74E0F2F}.Release|x86.ActiveCfg = Release|Any CPU
		{BCC6D6C6-0F2F-454D-9ACC-E5D2E74E0F2F}.Release|x86.Build.0 = Release|Any CPU
		{53CE339C-432C-442A-923C-7B7E3094D9A5}.Ad-Hoc|Any CPU.ActiveCfg = Debug|Any CPU
		{53CE339C-432C-442A-923C-7B7E3094D9A5}.Ad-Hoc|Any CPU.Build.0 = Debug|Any CPU
		{53CE339C-432C-442A-923C-7B7E3094D9A5}.Ad-Hoc|ARM.ActiveCfg = Debug|Any CPU
		{53CE339C-432C-442A-923C-7B7E3094D9A5}.Ad-Hoc|ARM.Build.0 = Debug|Any CPU
		{53CE339C-432C-442A-923C-7B7E3094D9A5}.Ad-Hoc|iPhone.ActiveCfg = Debug|Any CPU
		{53CE339C-432C-442A-923C-7B7E3094D9A5}.Ad-Hoc|iPhone.Build.0 = Debug|Any CPU
		{53CE339C-432C-442A-923C-7B7E3094D9A5}.Ad-Hoc|iPhoneSimulator.ActiveCfg = Debug|Any CPU
		{53CE339C-432C-442A-923C-7B7E3094D9A5}.Ad-Hoc|iPhoneSimulator.Build.0 = Debug|Any CPU
		{53CE339C-432C-442A-923C-7B7E3094D9A5}.Ad-Hoc|x64.ActiveCfg = Debug|Any CPU
		{53CE339C-432C-442A-923C-7B7E3094D9A5}.Ad-Hoc|x64.Build.0 = Debug|Any CPU
		{53CE339C-432C-442A-923C-7B7E3094D9A5}.Ad-Hoc|x86.ActiveCfg = Debug|Any CPU
		{53CE339C-432C-442A-923C-7B7E3094D9A5}.Ad-Hoc|x86.Build.0 = Debug|Any CPU
		{53CE339C-432C-442A-923C-7B7E3094D9A5}.AppStore|Any CPU.ActiveCfg = Debug|Any CPU
		{53CE339C-432C-442A-923C-7B7E3094D9A5}.AppStore|Any CPU.Build.0 = Debug|Any CPU
		{53CE339C-432C-442A-923C-7B7E3094D9A5}.AppStore|ARM.ActiveCfg = Debug|Any CPU
		{53CE339C-432C-442A-923C-7B7E3094D9A5}.AppStore|ARM.Build.0 = Debug|Any CPU
		{53CE339C-432C-442A-923C-7B7E3094D9A5}.AppStore|iPhone.ActiveCfg = Debug|Any CPU
		{53CE339C-432C-442A-923C-7B7E3094D9A5}.AppStore|iPhone.Build.0 = Debug|Any CPU
		{53CE339C-432C-442A-923C-7B7E3094D9A5}.AppStore|iPhoneSimulator.ActiveCfg = Debug|Any CPU
		{53CE339C-432C-442A-923C-7B7E3094D9A5}.AppStore|iPhoneSimulator.Build.0 = Debug|Any CPU
		{53CE339C-432C-442A-923C-7B7E3094D9A5}.AppStore|x64.ActiveCfg = Debug|Any CPU
		{53CE339C-432C-442A-923C-7B7E3094D9A5}.AppStore|x64.Build.0 = Debug|Any CPU
		{53CE339C-432C-442A-923C-7B7E3094D9A5}.AppStore|x86.ActiveCfg = Debug|Any CPU
		{53CE339C-432C-442A-923C-7B7E3094D9A5}.AppStore|x86.Build.0 = Debug|Any CPU
		{53CE339C-432C-442A-923C-7B7E3094D9A5}.Debug|Any CPU.ActiveCfg = Debug|Any CPU
		{53CE339C-432C-442A-923C-7B7E3094D9A5}.Debug|Any CPU.Build.0 = Debug|Any CPU
		{53CE339C-432C-442A-923C-7B7E3094D9A5}.Debug|ARM.ActiveCfg = Debug|Any CPU
		{53CE339C-432C-442A-923C-7B7E3094D9A5}.Debug|ARM.Build.0 = Debug|Any CPU
		{53CE339C-432C-442A-923C-7B7E3094D9A5}.Debug|iPhone.ActiveCfg = Debug|Any CPU
		{53CE339C-432C-442A-923C-7B7E3094D9A5}.Debug|iPhone.Build.0 = Debug|Any CPU
		{53CE339C-432C-442A-923C-7B7E3094D9A5}.Debug|iPhoneSimulator.ActiveCfg = Debug|Any CPU
		{53CE339C-432C-442A-923C-7B7E3094D9A5}.Debug|iPhoneSimulator.Build.0 = Debug|Any CPU
		{53CE339C-432C-442A-923C-7B7E3094D9A5}.Debug|x64.ActiveCfg = Debug|Any CPU
		{53CE339C-432C-442A-923C-7B7E3094D9A5}.Debug|x64.Build.0 = Debug|Any CPU
		{53CE339C-432C-442A-923C-7B7E3094D9A5}.Debug|x86.ActiveCfg = Debug|Any CPU
		{53CE339C-432C-442A-923C-7B7E3094D9A5}.Debug|x86.Build.0 = Debug|Any CPU
		{53CE339C-432C-442A-923C-7B7E3094D9A5}.Release|Any CPU.ActiveCfg = Release|Any CPU
		{53CE339C-432C-442A-923C-7B7E3094D9A5}.Release|Any CPU.Build.0 = Release|Any CPU
		{53CE339C-432C-442A-923C-7B7E3094D9A5}.Release|ARM.ActiveCfg = Release|Any CPU
		{53CE339C-432C-442A-923C-7B7E3094D9A5}.Release|ARM.Build.0 = Release|Any CPU
		{53CE339C-432C-442A-923C-7B7E3094D9A5}.Release|iPhone.ActiveCfg = Release|Any CPU
		{53CE339C-432C-442A-923C-7B7E3094D9A5}.Release|iPhone.Build.0 = Release|Any CPU
		{53CE339C-432C-442A-923C-7B7E3094D9A5}.Release|iPhoneSimulator.ActiveCfg = Release|Any CPU
		{53CE339C-432C-442A-923C-7B7E3094D9A5}.Release|iPhoneSimulator.Build.0 = Release|Any CPU
		{53CE339C-432C-442A-923C-7B7E3094D9A5}.Release|x64.ActiveCfg = Release|Any CPU
		{53CE339C-432C-442A-923C-7B7E3094D9A5}.Release|x64.Build.0 = Release|Any CPU
		{53CE339C-432C-442A-923C-7B7E3094D9A5}.Release|x86.ActiveCfg = Release|Any CPU
		{53CE339C-432C-442A-923C-7B7E3094D9A5}.Release|x86.Build.0 = Release|Any CPU
		{850565C7-6F49-41CE-B85A-30A63AF05167}.Ad-Hoc|Any CPU.ActiveCfg = Release|Any CPU
		{850565C7-6F49-41CE-B85A-30A63AF05167}.Ad-Hoc|Any CPU.Build.0 = Release|Any CPU
		{850565C7-6F49-41CE-B85A-30A63AF05167}.Ad-Hoc|ARM.ActiveCfg = Release|Any CPU
		{850565C7-6F49-41CE-B85A-30A63AF05167}.Ad-Hoc|ARM.Build.0 = Release|Any CPU
		{850565C7-6F49-41CE-B85A-30A63AF05167}.Ad-Hoc|iPhone.ActiveCfg = Release|Any CPU
		{850565C7-6F49-41CE-B85A-30A63AF05167}.Ad-Hoc|iPhone.Build.0 = Release|Any CPU
		{850565C7-6F49-41CE-B85A-30A63AF05167}.Ad-Hoc|iPhoneSimulator.ActiveCfg = Release|Any CPU
		{850565C7-6F49-41CE-B85A-30A63AF05167}.Ad-Hoc|iPhoneSimulator.Build.0 = Release|Any CPU
		{850565C7-6F49-41CE-B85A-30A63AF05167}.Ad-Hoc|x64.ActiveCfg = Release|Any CPU
		{850565C7-6F49-41CE-B85A-30A63AF05167}.Ad-Hoc|x64.Build.0 = Release|Any CPU
		{850565C7-6F49-41CE-B85A-30A63AF05167}.Ad-Hoc|x86.ActiveCfg = Release|Any CPU
		{850565C7-6F49-41CE-B85A-30A63AF05167}.Ad-Hoc|x86.Build.0 = Release|Any CPU
		{850565C7-6F49-41CE-B85A-30A63AF05167}.AppStore|Any CPU.ActiveCfg = Release|Any CPU
		{850565C7-6F49-41CE-B85A-30A63AF05167}.AppStore|Any CPU.Build.0 = Release|Any CPU
		{850565C7-6F49-41CE-B85A-30A63AF05167}.AppStore|ARM.ActiveCfg = Release|Any CPU
		{850565C7-6F49-41CE-B85A-30A63AF05167}.AppStore|ARM.Build.0 = Release|Any CPU
		{850565C7-6F49-41CE-B85A-30A63AF05167}.AppStore|iPhone.ActiveCfg = Release|Any CPU
		{850565C7-6F49-41CE-B85A-30A63AF05167}.AppStore|iPhone.Build.0 = Release|Any CPU
		{850565C7-6F49-41CE-B85A-30A63AF05167}.AppStore|iPhoneSimulator.ActiveCfg = Release|Any CPU
		{850565C7-6F49-41CE-B85A-30A63AF05167}.AppStore|iPhoneSimulator.Build.0 = Release|Any CPU
		{850565C7-6F49-41CE-B85A-30A63AF05167}.AppStore|x64.ActiveCfg = Release|Any CPU
		{850565C7-6F49-41CE-B85A-30A63AF05167}.AppStore|x64.Build.0 = Release|Any CPU
		{850565C7-6F49-41CE-B85A-30A63AF05167}.AppStore|x86.ActiveCfg = Release|Any CPU
		{850565C7-6F49-41CE-B85A-30A63AF05167}.AppStore|x86.Build.0 = Release|Any CPU
		{850565C7-6F49-41CE-B85A-30A63AF05167}.Debug|Any CPU.ActiveCfg = Debug|Any CPU
		{850565C7-6F49-41CE-B85A-30A63AF05167}.Debug|Any CPU.Build.0 = Debug|Any CPU
		{850565C7-6F49-41CE-B85A-30A63AF05167}.Debug|ARM.ActiveCfg = Debug|Any CPU
		{850565C7-6F49-41CE-B85A-30A63AF05167}.Debug|ARM.Build.0 = Debug|Any CPU
		{850565C7-6F49-41CE-B85A-30A63AF05167}.Debug|iPhone.ActiveCfg = Debug|Any CPU
		{850565C7-6F49-41CE-B85A-30A63AF05167}.Debug|iPhone.Build.0 = Debug|Any CPU
		{850565C7-6F49-41CE-B85A-30A63AF05167}.Debug|iPhoneSimulator.ActiveCfg = Debug|Any CPU
		{850565C7-6F49-41CE-B85A-30A63AF05167}.Debug|iPhoneSimulator.Build.0 = Debug|Any CPU
		{850565C7-6F49-41CE-B85A-30A63AF05167}.Debug|x64.ActiveCfg = Debug|Any CPU
		{850565C7-6F49-41CE-B85A-30A63AF05167}.Debug|x64.Build.0 = Debug|Any CPU
		{850565C7-6F49-41CE-B85A-30A63AF05167}.Debug|x86.ActiveCfg = Debug|Any CPU
		{850565C7-6F49-41CE-B85A-30A63AF05167}.Debug|x86.Build.0 = Debug|Any CPU
		{850565C7-6F49-41CE-B85A-30A63AF05167}.Release|Any CPU.ActiveCfg = Release|Any CPU
		{850565C7-6F49-41CE-B85A-30A63AF05167}.Release|Any CPU.Build.0 = Release|Any CPU
		{850565C7-6F49-41CE-B85A-30A63AF05167}.Release|ARM.ActiveCfg = Release|Any CPU
		{850565C7-6F49-41CE-B85A-30A63AF05167}.Release|ARM.Build.0 = Release|Any CPU
		{850565C7-6F49-41CE-B85A-30A63AF05167}.Release|iPhone.ActiveCfg = Release|Any CPU
		{850565C7-6F49-41CE-B85A-30A63AF05167}.Release|iPhone.Build.0 = Release|Any CPU
		{850565C7-6F49-41CE-B85A-30A63AF05167}.Release|iPhoneSimulator.ActiveCfg = Release|Any CPU
		{850565C7-6F49-41CE-B85A-30A63AF05167}.Release|iPhoneSimulator.Build.0 = Release|Any CPU
		{850565C7-6F49-41CE-B85A-30A63AF05167}.Release|x64.ActiveCfg = Release|Any CPU
		{850565C7-6F49-41CE-B85A-30A63AF05167}.Release|x64.Build.0 = Release|Any CPU
		{850565C7-6F49-41CE-B85A-30A63AF05167}.Release|x86.ActiveCfg = Release|Any CPU
		{850565C7-6F49-41CE-B85A-30A63AF05167}.Release|x86.Build.0 = Release|Any CPU
		{9ADCFB77-788E-495A-8488-D171EEE259F0}.Ad-Hoc|Any CPU.ActiveCfg = Release|Any CPU
		{9ADCFB77-788E-495A-8488-D171EEE259F0}.Ad-Hoc|Any CPU.Build.0 = Release|Any CPU
		{9ADCFB77-788E-495A-8488-D171EEE259F0}.Ad-Hoc|Any CPU.Deploy.0 = Release|Any CPU
		{9ADCFB77-788E-495A-8488-D171EEE259F0}.Ad-Hoc|ARM.ActiveCfg = Release|Any CPU
		{9ADCFB77-788E-495A-8488-D171EEE259F0}.Ad-Hoc|ARM.Build.0 = Release|Any CPU
		{9ADCFB77-788E-495A-8488-D171EEE259F0}.Ad-Hoc|ARM.Deploy.0 = Release|Any CPU
		{9ADCFB77-788E-495A-8488-D171EEE259F0}.Ad-Hoc|iPhone.ActiveCfg = Release|Any CPU
		{9ADCFB77-788E-495A-8488-D171EEE259F0}.Ad-Hoc|iPhone.Build.0 = Release|Any CPU
		{9ADCFB77-788E-495A-8488-D171EEE259F0}.Ad-Hoc|iPhone.Deploy.0 = Release|Any CPU
		{9ADCFB77-788E-495A-8488-D171EEE259F0}.Ad-Hoc|iPhoneSimulator.ActiveCfg = Release|Any CPU
		{9ADCFB77-788E-495A-8488-D171EEE259F0}.Ad-Hoc|iPhoneSimulator.Build.0 = Release|Any CPU
		{9ADCFB77-788E-495A-8488-D171EEE259F0}.Ad-Hoc|iPhoneSimulator.Deploy.0 = Release|Any CPU
		{9ADCFB77-788E-495A-8488-D171EEE259F0}.Ad-Hoc|x64.ActiveCfg = Release|Any CPU
		{9ADCFB77-788E-495A-8488-D171EEE259F0}.Ad-Hoc|x64.Build.0 = Release|Any CPU
		{9ADCFB77-788E-495A-8488-D171EEE259F0}.Ad-Hoc|x64.Deploy.0 = Release|Any CPU
		{9ADCFB77-788E-495A-8488-D171EEE259F0}.Ad-Hoc|x86.ActiveCfg = Release|Any CPU
		{9ADCFB77-788E-495A-8488-D171EEE259F0}.Ad-Hoc|x86.Build.0 = Release|Any CPU
		{9ADCFB77-788E-495A-8488-D171EEE259F0}.Ad-Hoc|x86.Deploy.0 = Release|Any CPU
		{9ADCFB77-788E-495A-8488-D171EEE259F0}.AppStore|Any CPU.ActiveCfg = Release|Any CPU
		{9ADCFB77-788E-495A-8488-D171EEE259F0}.AppStore|Any CPU.Build.0 = Release|Any CPU
		{9ADCFB77-788E-495A-8488-D171EEE259F0}.AppStore|Any CPU.Deploy.0 = Release|Any CPU
		{9ADCFB77-788E-495A-8488-D171EEE259F0}.AppStore|ARM.ActiveCfg = Release|Any CPU
		{9ADCFB77-788E-495A-8488-D171EEE259F0}.AppStore|ARM.Build.0 = Release|Any CPU
		{9ADCFB77-788E-495A-8488-D171EEE259F0}.AppStore|ARM.Deploy.0 = Release|Any CPU
		{9ADCFB77-788E-495A-8488-D171EEE259F0}.AppStore|iPhone.ActiveCfg = Release|Any CPU
		{9ADCFB77-788E-495A-8488-D171EEE259F0}.AppStore|iPhone.Build.0 = Release|Any CPU
		{9ADCFB77-788E-495A-8488-D171EEE259F0}.AppStore|iPhone.Deploy.0 = Release|Any CPU
		{9ADCFB77-788E-495A-8488-D171EEE259F0}.AppStore|iPhoneSimulator.ActiveCfg = Release|Any CPU
		{9ADCFB77-788E-495A-8488-D171EEE259F0}.AppStore|iPhoneSimulator.Build.0 = Release|Any CPU
		{9ADCFB77-788E-495A-8488-D171EEE259F0}.AppStore|iPhoneSimulator.Deploy.0 = Release|Any CPU
		{9ADCFB77-788E-495A-8488-D171EEE259F0}.AppStore|x64.ActiveCfg = Release|Any CPU
		{9ADCFB77-788E-495A-8488-D171EEE259F0}.AppStore|x64.Build.0 = Release|Any CPU
		{9ADCFB77-788E-495A-8488-D171EEE259F0}.AppStore|x64.Deploy.0 = Release|Any CPU
		{9ADCFB77-788E-495A-8488-D171EEE259F0}.AppStore|x86.ActiveCfg = Release|Any CPU
		{9ADCFB77-788E-495A-8488-D171EEE259F0}.AppStore|x86.Build.0 = Release|Any CPU
		{9ADCFB77-788E-495A-8488-D171EEE259F0}.AppStore|x86.Deploy.0 = Release|Any CPU
		{9ADCFB77-788E-495A-8488-D171EEE259F0}.Debug|Any CPU.ActiveCfg = Debug|Any CPU
		{9ADCFB77-788E-495A-8488-D171EEE259F0}.Debug|Any CPU.Build.0 = Debug|Any CPU
		{9ADCFB77-788E-495A-8488-D171EEE259F0}.Debug|Any CPU.Deploy.0 = Debug|Any CPU
		{9ADCFB77-788E-495A-8488-D171EEE259F0}.Debug|ARM.ActiveCfg = Debug|Any CPU
		{9ADCFB77-788E-495A-8488-D171EEE259F0}.Debug|ARM.Build.0 = Debug|Any CPU
		{9ADCFB77-788E-495A-8488-D171EEE259F0}.Debug|ARM.Deploy.0 = Debug|Any CPU
		{9ADCFB77-788E-495A-8488-D171EEE259F0}.Debug|iPhone.ActiveCfg = Debug|Any CPU
		{9ADCFB77-788E-495A-8488-D171EEE259F0}.Debug|iPhone.Build.0 = Debug|Any CPU
		{9ADCFB77-788E-495A-8488-D171EEE259F0}.Debug|iPhone.Deploy.0 = Debug|Any CPU
		{9ADCFB77-788E-495A-8488-D171EEE259F0}.Debug|iPhoneSimulator.ActiveCfg = Debug|Any CPU
		{9ADCFB77-788E-495A-8488-D171EEE259F0}.Debug|iPhoneSimulator.Build.0 = Debug|Any CPU
		{9ADCFB77-788E-495A-8488-D171EEE259F0}.Debug|iPhoneSimulator.Deploy.0 = Debug|Any CPU
		{9ADCFB77-788E-495A-8488-D171EEE259F0}.Debug|x64.ActiveCfg = Debug|Any CPU
		{9ADCFB77-788E-495A-8488-D171EEE259F0}.Debug|x64.Build.0 = Debug|Any CPU
		{9ADCFB77-788E-495A-8488-D171EEE259F0}.Debug|x64.Deploy.0 = Debug|Any CPU
		{9ADCFB77-788E-495A-8488-D171EEE259F0}.Debug|x86.ActiveCfg = Debug|Any CPU
		{9ADCFB77-788E-495A-8488-D171EEE259F0}.Debug|x86.Build.0 = Debug|Any CPU
		{9ADCFB77-788E-495A-8488-D171EEE259F0}.Debug|x86.Deploy.0 = Debug|Any CPU
		{9ADCFB77-788E-495A-8488-D171EEE259F0}.Release|Any CPU.ActiveCfg = Release|Any CPU
		{9ADCFB77-788E-495A-8488-D171EEE259F0}.Release|Any CPU.Build.0 = Release|Any CPU
		{9ADCFB77-788E-495A-8488-D171EEE259F0}.Release|Any CPU.Deploy.0 = Release|Any CPU
		{9ADCFB77-788E-495A-8488-D171EEE259F0}.Release|ARM.ActiveCfg = Release|Any CPU
		{9ADCFB77-788E-495A-8488-D171EEE259F0}.Release|ARM.Build.0 = Release|Any CPU
		{9ADCFB77-788E-495A-8488-D171EEE259F0}.Release|ARM.Deploy.0 = Release|Any CPU
		{9ADCFB77-788E-495A-8488-D171EEE259F0}.Release|iPhone.ActiveCfg = Release|Any CPU
		{9ADCFB77-788E-495A-8488-D171EEE259F0}.Release|iPhone.Build.0 = Release|Any CPU
		{9ADCFB77-788E-495A-8488-D171EEE259F0}.Release|iPhone.Deploy.0 = Release|Any CPU
		{9ADCFB77-788E-495A-8488-D171EEE259F0}.Release|iPhoneSimulator.ActiveCfg = Release|Any CPU
		{9ADCFB77-788E-495A-8488-D171EEE259F0}.Release|iPhoneSimulator.Build.0 = Release|Any CPU
		{9ADCFB77-788E-495A-8488-D171EEE259F0}.Release|iPhoneSimulator.Deploy.0 = Release|Any CPU
		{9ADCFB77-788E-495A-8488-D171EEE259F0}.Release|x64.ActiveCfg = Release|Any CPU
		{9ADCFB77-788E-495A-8488-D171EEE259F0}.Release|x64.Build.0 = Release|Any CPU
		{9ADCFB77-788E-495A-8488-D171EEE259F0}.Release|x64.Deploy.0 = Release|Any CPU
		{9ADCFB77-788E-495A-8488-D171EEE259F0}.Release|x86.ActiveCfg = Release|Any CPU
		{9ADCFB77-788E-495A-8488-D171EEE259F0}.Release|x86.Build.0 = Release|Any CPU
		{9ADCFB77-788E-495A-8488-D171EEE259F0}.Release|x86.Deploy.0 = Release|Any CPU
		{7508716A-BC8E-4ECB-AF93-B5A5BABD195D}.Ad-Hoc|Any CPU.ActiveCfg = Ad-Hoc|iPhone
		{7508716A-BC8E-4ECB-AF93-B5A5BABD195D}.Ad-Hoc|ARM.ActiveCfg = Ad-Hoc|iPhone
		{7508716A-BC8E-4ECB-AF93-B5A5BABD195D}.Ad-Hoc|iPhone.ActiveCfg = Ad-Hoc|iPhone
		{7508716A-BC8E-4ECB-AF93-B5A5BABD195D}.Ad-Hoc|iPhone.Build.0 = Ad-Hoc|iPhone
		{7508716A-BC8E-4ECB-AF93-B5A5BABD195D}.Ad-Hoc|iPhoneSimulator.ActiveCfg = Ad-Hoc|iPhoneSimulator
		{7508716A-BC8E-4ECB-AF93-B5A5BABD195D}.Ad-Hoc|iPhoneSimulator.Build.0 = Ad-Hoc|iPhoneSimulator
		{7508716A-BC8E-4ECB-AF93-B5A5BABD195D}.Ad-Hoc|x64.ActiveCfg = Ad-Hoc|iPhone
		{7508716A-BC8E-4ECB-AF93-B5A5BABD195D}.Ad-Hoc|x86.ActiveCfg = Ad-Hoc|iPhone
		{7508716A-BC8E-4ECB-AF93-B5A5BABD195D}.AppStore|Any CPU.ActiveCfg = AppStore|iPhone
		{7508716A-BC8E-4ECB-AF93-B5A5BABD195D}.AppStore|ARM.ActiveCfg = AppStore|iPhone
		{7508716A-BC8E-4ECB-AF93-B5A5BABD195D}.AppStore|iPhone.ActiveCfg = AppStore|iPhone
		{7508716A-BC8E-4ECB-AF93-B5A5BABD195D}.AppStore|iPhone.Build.0 = AppStore|iPhone
		{7508716A-BC8E-4ECB-AF93-B5A5BABD195D}.AppStore|iPhoneSimulator.ActiveCfg = AppStore|iPhoneSimulator
		{7508716A-BC8E-4ECB-AF93-B5A5BABD195D}.AppStore|iPhoneSimulator.Build.0 = AppStore|iPhoneSimulator
		{7508716A-BC8E-4ECB-AF93-B5A5BABD195D}.AppStore|x64.ActiveCfg = AppStore|iPhone
		{7508716A-BC8E-4ECB-AF93-B5A5BABD195D}.AppStore|x86.ActiveCfg = AppStore|iPhone
		{7508716A-BC8E-4ECB-AF93-B5A5BABD195D}.Debug|Any CPU.ActiveCfg = Debug|iPhone
		{7508716A-BC8E-4ECB-AF93-B5A5BABD195D}.Debug|ARM.ActiveCfg = Debug|iPhone
		{7508716A-BC8E-4ECB-AF93-B5A5BABD195D}.Debug|iPhone.ActiveCfg = Debug|iPhone
		{7508716A-BC8E-4ECB-AF93-B5A5BABD195D}.Debug|iPhone.Build.0 = Debug|iPhone
		{7508716A-BC8E-4ECB-AF93-B5A5BABD195D}.Debug|iPhoneSimulator.ActiveCfg = Debug|iPhoneSimulator
		{7508716A-BC8E-4ECB-AF93-B5A5BABD195D}.Debug|iPhoneSimulator.Build.0 = Debug|iPhoneSimulator
		{7508716A-BC8E-4ECB-AF93-B5A5BABD195D}.Debug|x64.ActiveCfg = Debug|iPhone
		{7508716A-BC8E-4ECB-AF93-B5A5BABD195D}.Debug|x86.ActiveCfg = Debug|iPhone
		{7508716A-BC8E-4ECB-AF93-B5A5BABD195D}.Release|Any CPU.ActiveCfg = Release|iPhone
		{7508716A-BC8E-4ECB-AF93-B5A5BABD195D}.Release|ARM.ActiveCfg = Release|iPhone
		{7508716A-BC8E-4ECB-AF93-B5A5BABD195D}.Release|iPhone.ActiveCfg = Release|iPhone
		{7508716A-BC8E-4ECB-AF93-B5A5BABD195D}.Release|iPhone.Build.0 = Release|iPhone
		{7508716A-BC8E-4ECB-AF93-B5A5BABD195D}.Release|iPhoneSimulator.ActiveCfg = Release|iPhoneSimulator
		{7508716A-BC8E-4ECB-AF93-B5A5BABD195D}.Release|iPhoneSimulator.Build.0 = Release|iPhoneSimulator
		{7508716A-BC8E-4ECB-AF93-B5A5BABD195D}.Release|x64.ActiveCfg = Release|iPhone
		{7508716A-BC8E-4ECB-AF93-B5A5BABD195D}.Release|x86.ActiveCfg = Release|iPhone
		{554077B5-024A-44CB-A2C7-902648065AE7}.Ad-Hoc|Any CPU.ActiveCfg = Release|x86
		{554077B5-024A-44CB-A2C7-902648065AE7}.Ad-Hoc|Any CPU.Build.0 = Release|x86
		{554077B5-024A-44CB-A2C7-902648065AE7}.Ad-Hoc|Any CPU.Deploy.0 = Release|x86
		{554077B5-024A-44CB-A2C7-902648065AE7}.Ad-Hoc|ARM.ActiveCfg = Release|ARM
		{554077B5-024A-44CB-A2C7-902648065AE7}.Ad-Hoc|ARM.Build.0 = Release|ARM
		{554077B5-024A-44CB-A2C7-902648065AE7}.Ad-Hoc|ARM.Deploy.0 = Release|ARM
		{554077B5-024A-44CB-A2C7-902648065AE7}.Ad-Hoc|iPhone.ActiveCfg = Release|x86
		{554077B5-024A-44CB-A2C7-902648065AE7}.Ad-Hoc|iPhone.Build.0 = Release|x86
		{554077B5-024A-44CB-A2C7-902648065AE7}.Ad-Hoc|iPhone.Deploy.0 = Release|x86
		{554077B5-024A-44CB-A2C7-902648065AE7}.Ad-Hoc|iPhoneSimulator.ActiveCfg = Release|x86
		{554077B5-024A-44CB-A2C7-902648065AE7}.Ad-Hoc|iPhoneSimulator.Build.0 = Release|x86
		{554077B5-024A-44CB-A2C7-902648065AE7}.Ad-Hoc|iPhoneSimulator.Deploy.0 = Release|x86
		{554077B5-024A-44CB-A2C7-902648065AE7}.Ad-Hoc|x64.ActiveCfg = Release|x64
		{554077B5-024A-44CB-A2C7-902648065AE7}.Ad-Hoc|x64.Build.0 = Release|x64
		{554077B5-024A-44CB-A2C7-902648065AE7}.Ad-Hoc|x64.Deploy.0 = Release|x64
		{554077B5-024A-44CB-A2C7-902648065AE7}.Ad-Hoc|x86.ActiveCfg = Release|x86
		{554077B5-024A-44CB-A2C7-902648065AE7}.Ad-Hoc|x86.Build.0 = Release|x86
		{554077B5-024A-44CB-A2C7-902648065AE7}.Ad-Hoc|x86.Deploy.0 = Release|x86
		{554077B5-024A-44CB-A2C7-902648065AE7}.AppStore|Any CPU.ActiveCfg = Release|x86
		{554077B5-024A-44CB-A2C7-902648065AE7}.AppStore|Any CPU.Build.0 = Release|x86
		{554077B5-024A-44CB-A2C7-902648065AE7}.AppStore|Any CPU.Deploy.0 = Release|x86
		{554077B5-024A-44CB-A2C7-902648065AE7}.AppStore|ARM.ActiveCfg = Release|ARM
		{554077B5-024A-44CB-A2C7-902648065AE7}.AppStore|ARM.Build.0 = Release|ARM
		{554077B5-024A-44CB-A2C7-902648065AE7}.AppStore|ARM.Deploy.0 = Release|ARM
		{554077B5-024A-44CB-A2C7-902648065AE7}.AppStore|iPhone.ActiveCfg = Release|x86
		{554077B5-024A-44CB-A2C7-902648065AE7}.AppStore|iPhone.Build.0 = Release|x86
		{554077B5-024A-44CB-A2C7-902648065AE7}.AppStore|iPhone.Deploy.0 = Release|x86
		{554077B5-024A-44CB-A2C7-902648065AE7}.AppStore|iPhoneSimulator.ActiveCfg = Release|x86
		{554077B5-024A-44CB-A2C7-902648065AE7}.AppStore|iPhoneSimulator.Build.0 = Release|x86
		{554077B5-024A-44CB-A2C7-902648065AE7}.AppStore|iPhoneSimulator.Deploy.0 = Release|x86
		{554077B5-024A-44CB-A2C7-902648065AE7}.AppStore|x64.ActiveCfg = Release|x64
		{554077B5-024A-44CB-A2C7-902648065AE7}.AppStore|x64.Build.0 = Release|x64
		{554077B5-024A-44CB-A2C7-902648065AE7}.AppStore|x64.Deploy.0 = Release|x64
		{554077B5-024A-44CB-A2C7-902648065AE7}.AppStore|x86.ActiveCfg = Release|x86
		{554077B5-024A-44CB-A2C7-902648065AE7}.AppStore|x86.Build.0 = Release|x86
		{554077B5-024A-44CB-A2C7-902648065AE7}.AppStore|x86.Deploy.0 = Release|x86
		{554077B5-024A-44CB-A2C7-902648065AE7}.Debug|Any CPU.ActiveCfg = Debug|x86
		{554077B5-024A-44CB-A2C7-902648065AE7}.Debug|ARM.ActiveCfg = Debug|ARM
		{554077B5-024A-44CB-A2C7-902648065AE7}.Debug|ARM.Build.0 = Debug|ARM
		{554077B5-024A-44CB-A2C7-902648065AE7}.Debug|ARM.Deploy.0 = Debug|ARM
		{554077B5-024A-44CB-A2C7-902648065AE7}.Debug|iPhone.ActiveCfg = Debug|x86
		{554077B5-024A-44CB-A2C7-902648065AE7}.Debug|iPhoneSimulator.ActiveCfg = Debug|x86
		{554077B5-024A-44CB-A2C7-902648065AE7}.Debug|x64.ActiveCfg = Debug|x64
		{554077B5-024A-44CB-A2C7-902648065AE7}.Debug|x64.Build.0 = Debug|x64
		{554077B5-024A-44CB-A2C7-902648065AE7}.Debug|x64.Deploy.0 = Debug|x64
		{554077B5-024A-44CB-A2C7-902648065AE7}.Debug|x86.ActiveCfg = Debug|x86
		{554077B5-024A-44CB-A2C7-902648065AE7}.Debug|x86.Build.0 = Debug|x86
		{554077B5-024A-44CB-A2C7-902648065AE7}.Debug|x86.Deploy.0 = Debug|x86
		{554077B5-024A-44CB-A2C7-902648065AE7}.Release|Any CPU.ActiveCfg = Release|x86
		{554077B5-024A-44CB-A2C7-902648065AE7}.Release|ARM.ActiveCfg = Release|ARM
		{554077B5-024A-44CB-A2C7-902648065AE7}.Release|ARM.Build.0 = Release|ARM
		{554077B5-024A-44CB-A2C7-902648065AE7}.Release|ARM.Deploy.0 = Release|ARM
		{554077B5-024A-44CB-A2C7-902648065AE7}.Release|iPhone.ActiveCfg = Release|x86
		{554077B5-024A-44CB-A2C7-902648065AE7}.Release|iPhoneSimulator.ActiveCfg = Release|x86
		{554077B5-024A-44CB-A2C7-902648065AE7}.Release|x64.ActiveCfg = Release|x64
		{554077B5-024A-44CB-A2C7-902648065AE7}.Release|x64.Build.0 = Release|x64
		{554077B5-024A-44CB-A2C7-902648065AE7}.Release|x64.Deploy.0 = Release|x64
		{554077B5-024A-44CB-A2C7-902648065AE7}.Release|x86.ActiveCfg = Release|x86
		{554077B5-024A-44CB-A2C7-902648065AE7}.Release|x86.Build.0 = Release|x86
		{554077B5-024A-44CB-A2C7-902648065AE7}.Release|x86.Deploy.0 = Release|x86
	EndGlobalSection
	GlobalSection(SolutionProperties) = preSolution
		HideSolutionNode = FALSE
	EndGlobalSection
	GlobalSection(ExtensibilityGlobals) = postSolution
		SolutionGuid = {48FB0192-CE7E-42A0-8C4C-9ADE5A5290F1}
	EndGlobalSection
EndGlobal
